
Microsoft Visual Studio Solution File, Format Version 12.00
# Visual Studio 15
VisualStudioVersion = 15.0.26228.4
MinimumVisualStudioVersion = 10.0.40219.1
Project("{FAE04EC0-301F-11D3-BF4B-00C04F79EFBC}") = "Dy2018CrawlerForDB", "Dy2018CrawlerForDB\Dy2018CrawlerForDB.csproj", "{A77ED006-23BA-4C2D-9BC9-AA3B9A02A6A0}"
EndProject
Project("{FAE04EC0-301F-11D3-BF4B-00C04F79EFBC}") = "Dy2018CrawlerForJson", "Dy2018CrawlerForJson\Dy2018CrawlerForJson.csproj", "{0AB95F14-37F2-4407-BC9C-C332139E0FBB}"
EndProject
Global
	GlobalSection(SolutionConfigurationPlatforms) = preSolution
		Debug|Any CPU = Debug|Any CPU
		Release|Any CPU = Release|Any CPU
	EndGlobalSection
	GlobalSection(ProjectConfigurationPlatforms) = postSolution
		{A77ED006-23BA-4C2D-9BC9-AA3B9A02A6A0}.Debug|Any CPU.ActiveCfg = Debug|Any CPU
		{A77ED006-23BA-4C2D-9BC9-AA3B9A02A6A0}.Debug|Any CPU.Build.0 = Debug|Any CPU
		{A77ED006-23BA-4C2D-9BC9-AA3B9A02A6A0}.Release|Any CPU.ActiveCfg = Release|Any CPU
		{A77ED006-23BA-4C2D-9BC9-AA3B9A02A6A0}.Release|Any CPU.Build.0 = Release|Any CPU
		{0AB95F14-37F2-4407-BC9C-C332139E0FBB}.Debug|Any CPU.ActiveCfg = Debug|Any CPU
		{0AB95F14-37F2-4407-BC9C-C332139E0FBB}.Debug|Any CPU.Build.0 = Debug|Any CPU
		{0AB95F14-37F2-4407-BC9C-C332139E0FBB}.Release|Any CPU.ActiveCfg = Release|Any CPU
		{0AB95F14-37F2-4407-BC9C-C332139E0FBB}.Release|Any CPU.Build.0 = Release|Any CPU
	EndGlobalSection
	GlobalSection(SolutionProperties) = preSolution
		HideSolutionNode = FALSE
	EndGlobalSection
EndGlobal
