
Microsoft Visual Studio Solution File, Format Version 12.00
# Visual Studio 15
VisualStudioVersion = 15.0.26124.0
MinimumVisualStudioVersion = 15.0.26124.0
Project("{FAE04EC0-301F-11D3-BF4B-00C04F79EFBC}") = "MovieCrawler.API", "src\MovieCrawler.API.csproj", "{79F01014-C89E-4C8E-81EF-229C8A7367EA}"
EndProject
Project("{FAE04EC0-301F-11D3-BF4B-00C04F79EFBC}") = "test", "test\test.csproj", "{76E97A1B-382D-46E1-ABB4-67BC2A659D55}"
EndProject
Global
	GlobalSection(SolutionConfigurationPlatforms) = preSolution
		Debug|Any CPU = Debug|Any CPU
		Debug|x64 = Debug|x64
		Debug|x86 = Debug|x86
		Release|Any CPU = Release|Any CPU
		Release|x64 = Release|x64
		Release|x86 = Release|x86
	EndGlobalSection
	GlobalSection(SolutionProperties) = preSolution
		HideSolutionNode = FALSE
	EndGlobalSection
	GlobalSection(ProjectConfigurationPlatforms) = postSolution
		{79F01014-C89E-4C8E-81EF-229C8A7367EA}.Debug|Any CPU.ActiveCfg = Debug|Any CPU
		{79F01014-C89E-4C8E-81EF-229C8A7367EA}.Debug|Any CPU.Build.0 = Debug|Any CPU
		{79F01014-C89E-4C8E-81EF-229C8A7367EA}.Debug|x64.ActiveCfg = Debug|Any CPU
		{79F01014-C89E-4C8E-81EF-229C8A7367EA}.Debug|x64.Build.0 = Debug|Any CPU
		{79F01014-C89E-4C8E-81EF-229C8A7367EA}.Debug|x86.ActiveCfg = Debug|Any CPU
		{79F01014-C89E-4C8E-81EF-229C8A7367EA}.Debug|x86.Build.0 = Debug|Any CPU
		{79F01014-C89E-4C8E-81EF-229C8A7367EA}.Release|Any CPU.ActiveCfg = Release|Any CPU
		{79F01014-C89E-4C8E-81EF-229C8A7367EA}.Release|Any CPU.Build.0 = Release|Any CPU
		{79F01014-C89E-4C8E-81EF-229C8A7367EA}.Release|x64.ActiveCfg = Release|Any CPU
		{79F01014-C89E-4C8E-81EF-229C8A7367EA}.Release|x64.Build.0 = Release|Any CPU
		{79F01014-C89E-4C8E-81EF-229C8A7367EA}.Release|x86.ActiveCfg = Release|Any CPU
		{79F01014-C89E-4C8E-81EF-229C8A7367EA}.Release|x86.Build.0 = Release|Any CPU
		{76E97A1B-382D-46E1-ABB4-67BC2A659D55}.Debug|Any CPU.ActiveCfg = Debug|Any CPU
		{76E97A1B-382D-46E1-ABB4-67BC2A659D55}.Debug|Any CPU.Build.0 = Debug|Any CPU
		{76E97A1B-382D-46E1-ABB4-67BC2A659D55}.Debug|x64.ActiveCfg = Debug|Any CPU
		{76E97A1B-382D-46E1-ABB4-67BC2A659D55}.Debug|x64.Build.0 = Debug|Any CPU
		{76E97A1B-382D-46E1-ABB4-67BC2A659D55}.Debug|x86.ActiveCfg = Debug|Any CPU
		{76E97A1B-382D-46E1-ABB4-67BC2A659D55}.Debug|x86.Build.0 = Debug|Any CPU
		{76E97A1B-382D-46E1-ABB4-67BC2A659D55}.Release|Any CPU.ActiveCfg = Release|Any CPU
		{76E97A1B-382D-46E1-ABB4-67BC2A659D55}.Release|Any CPU.Build.0 = Release|Any CPU
		{76E97A1B-382D-46E1-ABB4-67BC2A659D55}.Release|x64.ActiveCfg = Release|Any CPU
		{76E97A1B-382D-46E1-ABB4-67BC2A659D55}.Release|x64.Build.0 = Release|Any CPU
		{76E97A1B-382D-46E1-ABB4-67BC2A659D55}.Release|x86.ActiveCfg = Release|Any CPU
		{76E97A1B-382D-46E1-ABB4-67BC2A659D55}.Release|x86.Build.0 = Release|Any CPU
	EndGlobalSection
EndGlobal
